{
  "requires": true,
  "lockfileVersion": 1,
  "dependencies": {
    "vertx3-full": {
      "version": "3.9.2",
      "resolved": "https://registry.npmjs.org/vertx3-full/-/vertx3-full-3.9.2.tgz",
      "integrity": "sha512-chUVjeQilfL1StRsA8GTgNigfQ92yPwcKIiT6/2NvTxZ5hsTfS0Y2pIyM42FFlaYHF5mS8vajcqCd8Sg41lsTw=="
    }
  }
}
